
Microsoft Visual Studio Solution File, Format Version 12.00
# Visual Studio Version 17
VisualStudioVersion = 17.0.31903.59
MinimumVisualStudioVersion = 10.0.40219.1
Project("{FAE04EC0-301F-11D3-BF4B-00C04F79EFBC}") = "Pivot.Core", "Pivot.Core\Pivot.Core.csproj", "{4F992231-4646-4778-81DF-2EFF16E1AFD6}"
EndProject
Project("{FAE04EC0-301F-11D3-BF4B-00C04F79EFBC}") = "Pivot.Coordinator", "Pivot.Coordinator\Pivot.Coordinator.csproj", "{5CCF5359-1B94-404A-92EE-92E532DCD55B}"
EndProject
Project("{FAE04EC0-301F-11D3-BF4B-00C04F79EFBC}") = "Pivot.Proxy", "Pivot.Proxy\Pivot.Proxy.csproj", "{26D216D8-863B-479C-A05B-B263064832AB}"
EndProject
Project("{FAE04EC0-301F-11D3-BF4B-00C04F79EFBC}") = "Pivot.Registry", "Pivot.Registry\Pivot.Registry.csproj", "{B1E2F3D4-5C6A-7B8D-9E0F-1A2B3C4D5E6F}"
EndProject
Project("{FAE04EC0-301F-11D3-BF4B-00C04F79EFBC}") = "Pivot.Registry.Client", "Pivot.Registry.Client\Pivot.Registry.Client.csproj", "{D7E8F9A0-B1C2-3D4E-5F6A-7B8C9D0E1F2A}"
EndProject
Project("{FAE04EC0-301F-11D3-BF4B-00C04F79EFBC}") = "Pivot.Registry.TestHost", "Pivot.Registry.TestHost\Pivot.Registry.TestHost.csproj", "{E8F9A0B1-C2D3-4E5F-6A7B-8C9D0E1F2A3B}"
EndProject
Project("{FAE04EC0-301F-11D3-BF4B-00C04F79EFBC}") = "Pivot.Registry.Tests", "Pivot.Registry.Tests\Pivot.Registry.Tests.csproj", "{F9A0B1C2-D3E4-5F6A-7B8C-9D0E1F2A3B4C}"
EndProject
Project("{FAE04EC0-301F-11D3-BF4B-00C04F79EFBC}") = "ApiExample", "Samples\ApiExample\ApiExample.csproj", "{A7B3E4F1-9C2D-4E8A-B5F6-C1D7E8F9A0B1}"
EndProject
Project("{2150E333-8FDC-42A3-9474-1A3956D46DE8}") = "Samples", "Samples", "{5D20AA90-6969-D8BD-9DCD-8634F4692FDA}"
EndProject
Project("{2150E333-8FDC-42A3-9474-1A3956D46DE8}") = "Plugins", "Plugins", "{6369E6CD-2A9A-7694-BDE4-74E752A16237}"
EndProject
Project("{FAE04EC0-301F-11D3-BF4B-00C04F79EFBC}") = "TodosPlugin", "Samples\Plugins\TodosPlugin\TodosPlugin.csproj", "{C0AD8BBD-F192-4A70-9CD3-0853F8FACA31}"
EndProject
Project("{FAE04EC0-301F-11D3-BF4B-00C04F79EFBC}") = "UsersPlugin", "Samples\Plugins\UsersPlugin\UsersPlugin.csproj", "{FD99E351-9E7C-47DF-A406-8660DF02E95E}"
EndProject
Project("{FAE04EC0-301F-11D3-BF4B-00C04F79EFBC}") = "WeatherPlugin", "Samples\Plugins\WeatherPlugin\WeatherPlugin.csproj", "{AF8AA0A1-94F6-491E-8C5A-02BDD411D10D}"
EndProject
Project("{FAE04EC0-301F-11D3-BF4B-00C04F79EFBC}") = "CoordinatorExample", "Samples\CoordinatorExample\CoordinatorExample.csproj", "{6913B33A-5FC1-4323-B624-CE0AB9094691}"
EndProject
Project("{FAE04EC0-301F-11D3-BF4B-00C04F79EFBC}") = "ProxyExample", "Samples\ProxyExample\ProxyExample.csproj", "{9D140C39-B0A8-4786-9239-59E1DE51BC0D}"
EndProject
Project("{FAE04EC0-301F-11D3-BF4B-00C04F79EFBC}") = "RegistryExample", "Samples\RegistryExample\RegistryExample.csproj", "{E1F2A3B4-C5D6-7E8F-9A0B-1C2D3E4F5A6B}"
EndProject
Project("{2150E333-8FDC-42A3-9474-1A3956D46DE8}") = "Tools", "Tools", "{F1A2B3C4-D5E6-F7A8-B9C0-D1E2F3A4B5C6}"
EndProject
Project("{FAE04EC0-301F-11D3-BF4B-00C04F79EFBC}") = "SchemaGenerator", "Tools\SchemaGenerator\SchemaGenerator.csproj", "{A1B2C3D4-E5F6-7A8B-9C0D-1E2F3A4B5C6D}"
EndProject
Global
	GlobalSection(SolutionConfigurationPlatforms) = preSolution
		Debug|Any CPU = Debug|Any CPU
		Debug|x64 = Debug|x64
		Debug|x86 = Debug|x86
		Release|Any CPU = Release|Any CPU
		Release|x64 = Release|x64
		Release|x86 = Release|x86
	EndGlobalSection
	GlobalSection(ProjectConfigurationPlatforms) = postSolution
		{4F992231-4646-4778-81DF-2EFF16E1AFD6}.Debug|Any CPU.ActiveCfg = Debug|Any CPU
		{4F992231-4646-4778-81DF-2EFF16E1AFD6}.Debug|Any CPU.Build.0 = Debug|Any CPU
		{4F992231-4646-4778-81DF-2EFF16E1AFD6}.Debug|x64.ActiveCfg = Debug|Any CPU
		{4F992231-4646-4778-81DF-2EFF16E1AFD6}.Debug|x64.Build.0 = Debug|Any CPU
		{4F992231-4646-4778-81DF-2EFF16E1AFD6}.Debug|x86.ActiveCfg = Debug|Any CPU
		{4F992231-4646-4778-81DF-2EFF16E1AFD6}.Debug|x86.Build.0 = Debug|Any CPU
		{4F992231-4646-4778-81DF-2EFF16E1AFD6}.Release|Any CPU.ActiveCfg = Release|Any CPU
		{4F992231-4646-4778-81DF-2EFF16E1AFD6}.Release|Any CPU.Build.0 = Release|Any CPU
		{4F992231-4646-4778-81DF-2EFF16E1AFD6}.Release|x64.ActiveCfg = Release|Any CPU
		{4F992231-4646-4778-81DF-2EFF16E1AFD6}.Release|x64.Build.0 = Release|Any CPU
		{4F992231-4646-4778-81DF-2EFF16E1AFD6}.Release|x86.ActiveCfg = Release|Any CPU
		{4F992231-4646-4778-81DF-2EFF16E1AFD6}.Release|x86.Build.0 = Release|Any CPU
		{5CCF5359-1B94-404A-92EE-92E532DCD55B}.Debug|Any CPU.ActiveCfg = Debug|Any CPU
		{5CCF5359-1B94-404A-92EE-92E532DCD55B}.Debug|Any CPU.Build.0 = Debug|Any CPU
		{5CCF5359-1B94-404A-92EE-92E532DCD55B}.Debug|x64.ActiveCfg = Debug|Any CPU
		{5CCF5359-1B94-404A-92EE-92E532DCD55B}.Debug|x64.Build.0 = Debug|Any CPU
		{5CCF5359-1B94-404A-92EE-92E532DCD55B}.Debug|x86.ActiveCfg = Debug|Any CPU
		{5CCF5359-1B94-404A-92EE-92E532DCD55B}.Debug|x86.Build.0 = Debug|Any CPU
		{5CCF5359-1B94-404A-92EE-92E532DCD55B}.Release|Any CPU.ActiveCfg = Release|Any CPU
		{5CCF5359-1B94-404A-92EE-92E532DCD55B}.Release|Any CPU.Build.0 = Release|Any CPU
		{5CCF5359-1B94-404A-92EE-92E532DCD55B}.Release|x64.ActiveCfg = Release|Any CPU
		{5CCF5359-1B94-404A-92EE-92E532DCD55B}.Release|x64.Build.0 = Release|Any CPU
		{5CCF5359-1B94-404A-92EE-92E532DCD55B}.Release|x86.ActiveCfg = Release|Any CPU
		{5CCF5359-1B94-404A-92EE-92E532DCD55B}.Release|x86.Build.0 = Release|Any CPU
		{26D216D8-863B-479C-A05B-B263064832AB}.Debug|Any CPU.ActiveCfg = Debug|Any CPU
		{26D216D8-863B-479C-A05B-B263064832AB}.Debug|Any CPU.Build.0 = Debug|Any CPU
		{26D216D8-863B-479C-A05B-B263064832AB}.Debug|x64.ActiveCfg = Debug|Any CPU
		{26D216D8-863B-479C-A05B-B263064832AB}.Debug|x64.Build.0 = Debug|Any CPU
		{26D216D8-863B-479C-A05B-B263064832AB}.Debug|x86.ActiveCfg = Debug|Any CPU
		{26D216D8-863B-479C-A05B-B263064832AB}.Debug|x86.Build.0 = Debug|Any CPU
		{26D216D8-863B-479C-A05B-B263064832AB}.Release|Any CPU.ActiveCfg = Release|Any CPU
		{26D216D8-863B-479C-A05B-B263064832AB}.Release|Any CPU.Build.0 = Release|Any CPU
		{26D216D8-863B-479C-A05B-B263064832AB}.Release|x64.ActiveCfg = Release|Any CPU
		{26D216D8-863B-479C-A05B-B263064832AB}.Release|x64.Build.0 = Release|Any CPU
		{26D216D8-863B-479C-A05B-B263064832AB}.Release|x86.ActiveCfg = Release|Any CPU
		{26D216D8-863B-479C-A05B-B263064832AB}.Release|x86.Build.0 = Release|Any CPU
		{B1E2F3D4-5C6A-7B8D-9E0F-1A2B3C4D5E6F}.Debug|Any CPU.ActiveCfg = Debug|Any CPU
		{B1E2F3D4-5C6A-7B8D-9E0F-1A2B3C4D5E6F}.Debug|Any CPU.Build.0 = Debug|Any CPU
		{B1E2F3D4-5C6A-7B8D-9E0F-1A2B3C4D5E6F}.Debug|x64.ActiveCfg = Debug|Any CPU
		{B1E2F3D4-5C6A-7B8D-9E0F-1A2B3C4D5E6F}.Debug|x64.Build.0 = Debug|Any CPU
		{B1E2F3D4-5C6A-7B8D-9E0F-1A2B3C4D5E6F}.Debug|x86.ActiveCfg = Debug|Any CPU
		{B1E2F3D4-5C6A-7B8D-9E0F-1A2B3C4D5E6F}.Debug|x86.Build.0 = Debug|Any CPU
		{B1E2F3D4-5C6A-7B8D-9E0F-1A2B3C4D5E6F}.Release|Any CPU.ActiveCfg = Release|Any CPU
		{B1E2F3D4-5C6A-7B8D-9E0F-1A2B3C4D5E6F}.Release|Any CPU.Build.0 = Release|Any CPU
		{B1E2F3D4-5C6A-7B8D-9E0F-1A2B3C4D5E6F}.Release|x64.ActiveCfg = Release|Any CPU
		{B1E2F3D4-5C6A-7B8D-9E0F-1A2B3C4D5E6F}.Release|x64.Build.0 = Release|Any CPU
		{B1E2F3D4-5C6A-7B8D-9E0F-1A2B3C4D5E6F}.Release|x86.ActiveCfg = Release|Any CPU
		{B1E2F3D4-5C6A-7B8D-9E0F-1A2B3C4D5E6F}.Release|x86.Build.0 = Release|Any CPU
		{D7E8F9A0-B1C2-3D4E-5F6A-7B8C9D0E1F2A}.Debug|Any CPU.ActiveCfg = Debug|Any CPU
		{D7E8F9A0-B1C2-3D4E-5F6A-7B8C9D0E1F2A}.Debug|x64.ActiveCfg = Debug|Any CPU
		{D7E8F9A0-B1C2-3D4E-5F6A-7B8C9D0E1F2A}.Debug|x86.ActiveCfg = Debug|Any CPU
		{D7E8F9A0-B1C2-3D4E-5F6A-7B8C9D0E1F2A}.Release|Any CPU.ActiveCfg = Release|Any CPU
		{D7E8F9A0-B1C2-3D4E-5F6A-7B8C9D0E1F2A}.Release|x64.ActiveCfg = Release|Any CPU
		{D7E8F9A0-B1C2-3D4E-5F6A-7B8C9D0E1F2A}.Release|x86.ActiveCfg = Release|Any CPU
		{E8F9A0B1-C2D3-4E5F-6A7B-8C9D0E1F2A3B}.Debug|Any CPU.ActiveCfg = Debug|Any CPU
		{E8F9A0B1-C2D3-4E5F-6A7B-8C9D0E1F2A3B}.Debug|x64.ActiveCfg = Debug|Any CPU
		{E8F9A0B1-C2D3-4E5F-6A7B-8C9D0E1F2A3B}.Debug|x86.ActiveCfg = Debug|Any CPU
		{E8F9A0B1-C2D3-4E5F-6A7B-8C9D0E1F2A3B}.Release|Any CPU.ActiveCfg = Release|Any CPU
		{E8F9A0B1-C2D3-4E5F-6A7B-8C9D0E1F2A3B}.Release|x64.ActiveCfg = Release|Any CPU
		{E8F9A0B1-C2D3-4E5F-6A7B-8C9D0E1F2A3B}.Release|x86.ActiveCfg = Release|Any CPU
		{F9A0B1C2-D3E4-5F6A-7B8C-9D0E1F2A3B4C}.Debug|Any CPU.ActiveCfg = Debug|Any CPU
		{F9A0B1C2-D3E4-5F6A-7B8C-9D0E1F2A3B4C}.Debug|x64.ActiveCfg = Debug|Any CPU
		{F9A0B1C2-D3E4-5F6A-7B8C-9D0E1F2A3B4C}.Debug|x86.ActiveCfg = Debug|Any CPU
		{F9A0B1C2-D3E4-5F6A-7B8C-9D0E1F2A3B4C}.Release|Any CPU.ActiveCfg = Release|Any CPU
		{F9A0B1C2-D3E4-5F6A-7B8C-9D0E1F2A3B4C}.Release|x64.ActiveCfg = Release|Any CPU
		{F9A0B1C2-D3E4-5F6A-7B8C-9D0E1F2A3B4C}.Release|x86.ActiveCfg = Release|Any CPU
		{A7B3E4F1-9C2D-4E8A-B5F6-C1D7E8F9A0B1}.Debug|Any CPU.ActiveCfg = Debug|Any CPU
		{A7B3E4F1-9C2D-4E8A-B5F6-C1D7E8F9A0B1}.Debug|x64.ActiveCfg = Debug|Any CPU
		{A7B3E4F1-9C2D-4E8A-B5F6-C1D7E8F9A0B1}.Debug|x86.ActiveCfg = Debug|Any CPU
		{A7B3E4F1-9C2D-4E8A-B5F6-C1D7E8F9A0B1}.Release|Any CPU.ActiveCfg = Release|Any CPU
		{A7B3E4F1-9C2D-4E8A-B5F6-C1D7E8F9A0B1}.Release|x64.ActiveCfg = Release|Any CPU
		{A7B3E4F1-9C2D-4E8A-B5F6-C1D7E8F9A0B1}.Release|x86.ActiveCfg = Release|Any CPU
		{C0AD8BBD-F192-4A70-9CD3-0853F8FACA31}.Debug|Any CPU.ActiveCfg = Debug|Any CPU
		{C0AD8BBD-F192-4A70-9CD3-0853F8FACA31}.Debug|x64.ActiveCfg = Debug|Any CPU
		{C0AD8BBD-F192-4A70-9CD3-0853F8FACA31}.Debug|x86.ActiveCfg = Debug|Any CPU
		{C0AD8BBD-F192-4A70-9CD3-0853F8FACA31}.Release|Any CPU.ActiveCfg = Release|Any CPU
		{C0AD8BBD-F192-4A70-9CD3-0853F8FACA31}.Release|x64.ActiveCfg = Release|Any CPU
		{C0AD8BBD-F192-4A70-9CD3-0853F8FACA31}.Release|x86.ActiveCfg = Release|Any CPU
		{FD99E351-9E7C-47DF-A406-8660DF02E95E}.Debug|Any CPU.ActiveCfg = Debug|Any CPU
		{FD99E351-9E7C-47DF-A406-8660DF02E95E}.Debug|x64.ActiveCfg = Debug|Any CPU
		{FD99E351-9E7C-47DF-A406-8660DF02E95E}.Debug|x86.ActiveCfg = Debug|Any CPU
		{FD99E351-9E7C-47DF-A406-8660DF02E95E}.Release|Any CPU.ActiveCfg = Release|Any CPU
		{FD99E351-9E7C-47DF-A406-8660DF02E95E}.Release|x64.ActiveCfg = Release|Any CPU
		{FD99E351-9E7C-47DF-A406-8660DF02E95E}.Release|x86.ActiveCfg = Release|Any CPU
		{AF8AA0A1-94F6-491E-8C5A-02BDD411D10D}.Debug|Any CPU.ActiveCfg = Debug|Any CPU
		{AF8AA0A1-94F6-491E-8C5A-02BDD411D10D}.Debug|x64.ActiveCfg = Debug|Any CPU
		{AF8AA0A1-94F6-491E-8C5A-02BDD411D10D}.Debug|x86.ActiveCfg = Debug|Any CPU
		{AF8AA0A1-94F6-491E-8C5A-02BDD411D10D}.Release|Any CPU.ActiveCfg = Release|Any CPU
		{AF8AA0A1-94F6-491E-8C5A-02BDD411D10D}.Release|x64.ActiveCfg = Release|Any CPU
		{AF8AA0A1-94F6-491E-8C5A-02BDD411D10D}.Release|x86.ActiveCfg = Release|Any CPU
		{6913B33A-5FC1-4323-B624-CE0AB9094691}.Debug|Any CPU.ActiveCfg = Debug|Any CPU
		{6913B33A-5FC1-4323-B624-CE0AB9094691}.Debug|Any CPU.Build.0 = Debug|Any CPU
		{6913B33A-5FC1-4323-B624-CE0AB9094691}.Debug|x64.ActiveCfg = Debug|Any CPU
		{6913B33A-5FC1-4323-B624-CE0AB9094691}.Debug|x64.Build.0 = Debug|Any CPU
		{6913B33A-5FC1-4323-B624-CE0AB9094691}.Debug|x86.ActiveCfg = Debug|Any CPU
		{6913B33A-5FC1-4323-B624-CE0AB9094691}.Debug|x86.Build.0 = Debug|Any CPU
		{6913B33A-5FC1-4323-B624-CE0AB9094691}.Release|Any CPU.ActiveCfg = Release|Any CPU
		{6913B33A-5FC1-4323-B624-CE0AB9094691}.Release|Any CPU.Build.0 = Release|Any CPU
		{6913B33A-5FC1-4323-B624-CE0AB9094691}.Release|x64.ActiveCfg = Release|Any CPU
		{6913B33A-5FC1-4323-B624-CE0AB9094691}.Release|x64.Build.0 = Release|Any CPU
		{6913B33A-5FC1-4323-B624-CE0AB9094691}.Release|x86.ActiveCfg = Release|Any CPU
		{6913B33A-5FC1-4323-B624-CE0AB9094691}.Release|x86.Build.0 = Release|Any CPU
		{9D140C39-B0A8-4786-9239-59E1DE51BC0D}.Debug|Any CPU.ActiveCfg = Debug|Any CPU
		{9D140C39-B0A8-4786-9239-59E1DE51BC0D}.Debug|Any CPU.Build.0 = Debug|Any CPU
		{9D140C39-B0A8-4786-9239-59E1DE51BC0D}.Debug|x64.ActiveCfg = Debug|Any CPU
		{9D140C39-B0A8-4786-9239-59E1DE51BC0D}.Debug|x64.Build.0 = Debug|Any CPU
		{9D140C39-B0A8-4786-9239-59E1DE51BC0D}.Debug|x86.ActiveCfg = Debug|Any CPU
		{9D140C39-B0A8-4786-9239-59E1DE51BC0D}.Debug|x86.Build.0 = Debug|Any CPU
		{9D140C39-B0A8-4786-9239-59E1DE51BC0D}.Release|Any CPU.ActiveCfg = Release|Any CPU
		{9D140C39-B0A8-4786-9239-59E1DE51BC0D}.Release|Any CPU.Build.0 = Release|Any CPU
		{9D140C39-B0A8-4786-9239-59E1DE51BC0D}.Release|x64.ActiveCfg = Release|Any CPU
		{9D140C39-B0A8-4786-9239-59E1DE51BC0D}.Release|x64.Build.0 = Release|Any CPU
		{9D140C39-B0A8-4786-9239-59E1DE51BC0D}.Release|x86.ActiveCfg = Release|Any CPU
		{9D140C39-B0A8-4786-9239-59E1DE51BC0D}.Release|x86.Build.0 = Release|Any CPU
		{E1F2A3B4-C5D6-7E8F-9A0B-1C2D3E4F5A6B}.Debug|Any CPU.ActiveCfg = Debug|Any CPU
		{E1F2A3B4-C5D6-7E8F-9A0B-1C2D3E4F5A6B}.Debug|x64.ActiveCfg = Debug|Any CPU
		{E1F2A3B4-C5D6-7E8F-9A0B-1C2D3E4F5A6B}.Debug|x86.ActiveCfg = Debug|Any CPU
		{E1F2A3B4-C5D6-7E8F-9A0B-1C2D3E4F5A6B}.Release|Any CPU.ActiveCfg = Release|Any CPU
		{E1F2A3B4-C5D6-7E8F-9A0B-1C2D3E4F5A6B}.Release|x64.ActiveCfg = Release|Any CPU
		{E1F2A3B4-C5D6-7E8F-9A0B-1C2D3E4F5A6B}.Release|x86.ActiveCfg = Release|Any CPU
		{A1B2C3D4-E5F6-7A8B-9C0D-1E2F3A4B5C6D}.Debug|Any CPU.ActiveCfg = Debug|Any CPU
		{A1B2C3D4-E5F6-7A8B-9C0D-1E2F3A4B5C6D}.Debug|x64.ActiveCfg = Debug|Any CPU
		{A1B2C3D4-E5F6-7A8B-9C0D-1E2F3A4B5C6D}.Debug|x86.ActiveCfg = Debug|Any CPU
		{A1B2C3D4-E5F6-7A8B-9C0D-1E2F3A4B5C6D}.Release|Any CPU.ActiveCfg = Release|Any CPU
		{A1B2C3D4-E5F6-7A8B-9C0D-1E2F3A4B5C6D}.Release|x64.ActiveCfg = Release|Any CPU
		{A1B2C3D4-E5F6-7A8B-9C0D-1E2F3A4B5C6D}.Release|x86.ActiveCfg = Release|Any CPU
	EndGlobalSection
	GlobalSection(SolutionProperties) = preSolution
		HideSolutionNode = FALSE
	EndGlobalSection
	GlobalSection(NestedProjects) = preSolution
		{6369E6CD-2A9A-7694-BDE4-74E752A16237} = {5D20AA90-6969-D8BD-9DCD-8634F4692FDA}
		{C0AD8BBD-F192-4A70-9CD3-0853F8FACA31} = {6369E6CD-2A9A-7694-BDE4-74E752A16237}
		{FD99E351-9E7C-47DF-A406-8660DF02E95E} = {6369E6CD-2A9A-7694-BDE4-74E752A16237}
		{AF8AA0A1-94F6-491E-8C5A-02BDD411D10D} = {6369E6CD-2A9A-7694-BDE4-74E752A16237}
		{6913B33A-5FC1-4323-B624-CE0AB9094691} = {5D20AA90-6969-D8BD-9DCD-8634F4692FDA}
		{9D140C39-B0A8-4786-9239-59E1DE51BC0D} = {5D20AA90-6969-D8BD-9DCD-8634F4692FDA}
		{E1F2A3B4-C5D6-7E8F-9A0B-1C2D3E4F5A6B} = {5D20AA90-6969-D8BD-9DCD-8634F4692FDA}
		{A1B2C3D4-E5F6-7A8B-9C0D-1E2F3A4B5C6D} = {F1A2B3C4-D5E6-F7A8-B9C0-D1E2F3A4B5C6}
	EndGlobalSection
EndGlobal
