
Microsoft Visual Studio Solution File, Format Version 12.00
# Visual Studio Version 17
VisualStudioVersion = 17.0.31903.59
MinimumVisualStudioVersion = 10.0.40219.1
Project("{FAE04EC0-301F-11D3-BF4B-00C04F79EFBC}") = "Changelog", "Changelog.Core\Changelog.csproj", "{E43A8817-B999-4E3B-A7F1-56B10D58C7BE}"
EndProject
Project("{FAE04EC0-301F-11D3-BF4B-00C04F79EFBC}") = "Changelog.Tests", "Changelog.Tests\Changelog.Tests.csproj", "{7C231451-6F39-4010-86F8-CD99C83EEB3C}"
EndProject
Project("{FAE04EC0-301F-11D3-BF4B-00C04F79EFBC}") = "Changelog.Demo", "Changelog.Demo\Changelog.Demo.csproj", "{A5D8F9B2-3C14-4E7A-9D61-F8E2C5A7B3D9}"
EndProject
Project("{FAE04EC0-301F-11D3-BF4B-00C04F79EFBC}") = "Changelog.Benchmarks", "Changelog.Benchmarks\Changelog.Benchmarks.csproj", "{2F0B8B55-5E2B-4F86-9E45-6E9C2A1D8C6E}"
EndProject
Project("{FAE04EC0-301F-11D3-BF4B-00C04F79EFBC}") = "Changelog.Sqlite", "Changelog.Sqlite\Changelog.Sqlite.csproj", "{67E04D5D-78A5-4DF2-9F46-63E62CA61EB4}"
EndProject
Project("{FAE04EC0-301F-11D3-BF4B-00C04F79EFBC}") = "Changelog.PostgreSQL", "Changelog.PostgreSQL\Changelog.PostgreSQL.csproj", "{9D0949BB-59F4-4034-BC57-5BAD2E1D0589}"
EndProject
Project("{FAE04EC0-301F-11D3-BF4B-00C04F79EFBC}") = "Changelog.MongoDB", "Changelog.MongoDB\Changelog.MongoDB.csproj", "{ADA96D90-736A-411D-929E-2B7EBE252688}"
EndProject
Global
	GlobalSection(SolutionConfigurationPlatforms) = preSolution
		Debug|Any CPU = Debug|Any CPU
		Debug|x64 = Debug|x64
		Debug|x86 = Debug|x86
		Release|Any CPU = Release|Any CPU
		Release|x64 = Release|x64
		Release|x86 = Release|x86
	EndGlobalSection
	GlobalSection(ProjectConfigurationPlatforms) = postSolution
		{E43A8817-B999-4E3B-A7F1-56B10D58C7BE}.Debug|Any CPU.ActiveCfg = Debug|Any CPU
		{E43A8817-B999-4E3B-A7F1-56B10D58C7BE}.Debug|Any CPU.Build.0 = Debug|Any CPU
		{E43A8817-B999-4E3B-A7F1-56B10D58C7BE}.Debug|x64.ActiveCfg = Debug|Any CPU
		{E43A8817-B999-4E3B-A7F1-56B10D58C7BE}.Debug|x64.Build.0 = Debug|Any CPU
		{E43A8817-B999-4E3B-A7F1-56B10D58C7BE}.Debug|x86.ActiveCfg = Debug|Any CPU
		{E43A8817-B999-4E3B-A7F1-56B10D58C7BE}.Debug|x86.Build.0 = Debug|Any CPU
		{E43A8817-B999-4E3B-A7F1-56B10D58C7BE}.Release|Any CPU.ActiveCfg = Release|Any CPU
		{E43A8817-B999-4E3B-A7F1-56B10D58C7BE}.Release|Any CPU.Build.0 = Release|Any CPU
		{E43A8817-B999-4E3B-A7F1-56B10D58C7BE}.Release|x64.ActiveCfg = Release|Any CPU
		{E43A8817-B999-4E3B-A7F1-56B10D58C7BE}.Release|x64.Build.0 = Release|Any CPU
		{E43A8817-B999-4E3B-A7F1-56B10D58C7BE}.Release|x86.ActiveCfg = Release|Any CPU
		{E43A8817-B999-4E3B-A7F1-56B10D58C7BE}.Release|x86.Build.0 = Release|Any CPU
		{7C231451-6F39-4010-86F8-CD99C83EEB3C}.Debug|Any CPU.ActiveCfg = Debug|Any CPU
		{7C231451-6F39-4010-86F8-CD99C83EEB3C}.Debug|Any CPU.Build.0 = Debug|Any CPU
		{7C231451-6F39-4010-86F8-CD99C83EEB3C}.Debug|x64.ActiveCfg = Debug|Any CPU
		{7C231451-6F39-4010-86F8-CD99C83EEB3C}.Debug|x64.Build.0 = Debug|Any CPU
		{7C231451-6F39-4010-86F8-CD99C83EEB3C}.Debug|x86.ActiveCfg = Debug|Any CPU
		{7C231451-6F39-4010-86F8-CD99C83EEB3C}.Debug|x86.Build.0 = Debug|Any CPU
		{7C231451-6F39-4010-86F8-CD99C83EEB3C}.Release|Any CPU.ActiveCfg = Release|Any CPU
		{7C231451-6F39-4010-86F8-CD99C83EEB3C}.Release|Any CPU.Build.0 = Release|Any CPU
		{7C231451-6F39-4010-86F8-CD99C83EEB3C}.Release|x64.ActiveCfg = Release|Any CPU
		{7C231451-6F39-4010-86F8-CD99C83EEB3C}.Release|x64.Build.0 = Release|Any CPU
		{7C231451-6F39-4010-86F8-CD99C83EEB3C}.Release|x86.ActiveCfg = Release|Any CPU
		{7C231451-6F39-4010-86F8-CD99C83EEB3C}.Release|x86.Build.0 = Release|Any CPU
		{A5D8F9B2-3C14-4E7A-9D61-F8E2C5A7B3D9}.Debug|Any CPU.ActiveCfg = Debug|Any CPU
		{A5D8F9B2-3C14-4E7A-9D61-F8E2C5A7B3D9}.Debug|Any CPU.Build.0 = Debug|Any CPU
		{A5D8F9B2-3C14-4E7A-9D61-F8E2C5A7B3D9}.Debug|x64.ActiveCfg = Debug|Any CPU
		{A5D8F9B2-3C14-4E7A-9D61-F8E2C5A7B3D9}.Debug|x64.Build.0 = Debug|Any CPU
		{A5D8F9B2-3C14-4E7A-9D61-F8E2C5A7B3D9}.Debug|x86.ActiveCfg = Debug|Any CPU
		{A5D8F9B2-3C14-4E7A-9D61-F8E2C5A7B3D9}.Debug|x86.Build.0 = Debug|Any CPU
		{A5D8F9B2-3C14-4E7A-9D61-F8E2C5A7B3D9}.Release|Any CPU.ActiveCfg = Release|Any CPU
		{A5D8F9B2-3C14-4E7A-9D61-F8E2C5A7B3D9}.Release|Any CPU.Build.0 = Release|Any CPU
		{A5D8F9B2-3C14-4E7A-9D61-F8E2C5A7B3D9}.Release|x64.ActiveCfg = Release|Any CPU
		{A5D8F9B2-3C14-4E7A-9D61-F8E2C5A7B3D9}.Release|x64.Build.0 = Release|Any CPU
		{A5D8F9B2-3C14-4E7A-9D61-F8E2C5A7B3D9}.Release|x86.ActiveCfg = Release|Any CPU
		{A5D8F9B2-3C14-4E7A-9D61-F8E2C5A7B3D9}.Release|x86.Build.0 = Release|Any CPU
		{2F0B8B55-5E2B-4F86-9E45-6E9C2A1D8C6E}.Debug|Any CPU.ActiveCfg = Debug|Any CPU
		{2F0B8B55-5E2B-4F86-9E45-6E9C2A1D8C6E}.Debug|Any CPU.Build.0 = Debug|Any CPU
		{2F0B8B55-5E2B-4F86-9E45-6E9C2A1D8C6E}.Debug|x64.ActiveCfg = Debug|Any CPU
		{2F0B8B55-5E2B-4F86-9E45-6E9C2A1D8C6E}.Debug|x64.Build.0 = Debug|Any CPU
		{2F0B8B55-5E2B-4F86-9E45-6E9C2A1D8C6E}.Debug|x86.ActiveCfg = Debug|Any CPU
		{2F0B8B55-5E2B-4F86-9E45-6E9C2A1D8C6E}.Debug|x86.Build.0 = Debug|Any CPU
		{2F0B8B55-5E2B-4F86-9E45-6E9C2A1D8C6E}.Release|Any CPU.ActiveCfg = Release|Any CPU
		{2F0B8B55-5E2B-4F86-9E45-6E9C2A1D8C6E}.Release|Any CPU.Build.0 = Release|Any CPU
		{2F0B8B55-5E2B-4F86-9E45-6E9C2A1D8C6E}.Release|x64.ActiveCfg = Release|Any CPU
		{2F0B8B55-5E2B-4F86-9E45-6E9C2A1D8C6E}.Release|x64.Build.0 = Release|Any CPU
		{2F0B8B55-5E2B-4F86-9E45-6E9C2A1D8C6E}.Release|x86.ActiveCfg = Release|Any CPU
		{2F0B8B55-5E2B-4F86-9E45-6E9C2A1D8C6E}.Release|x86.Build.0 = Release|Any CPU
		{67E04D5D-78A5-4DF2-9F46-63E62CA61EB4}.Debug|Any CPU.ActiveCfg = Debug|Any CPU
		{67E04D5D-78A5-4DF2-9F46-63E62CA61EB4}.Debug|Any CPU.Build.0 = Debug|Any CPU
		{67E04D5D-78A5-4DF2-9F46-63E62CA61EB4}.Debug|x64.ActiveCfg = Debug|Any CPU
		{67E04D5D-78A5-4DF2-9F46-63E62CA61EB4}.Debug|x64.Build.0 = Debug|Any CPU
		{67E04D5D-78A5-4DF2-9F46-63E62CA61EB4}.Debug|x86.ActiveCfg = Debug|Any CPU
		{67E04D5D-78A5-4DF2-9F46-63E62CA61EB4}.Debug|x86.Build.0 = Debug|Any CPU
		{67E04D5D-78A5-4DF2-9F46-63E62CA61EB4}.Release|Any CPU.ActiveCfg = Release|Any CPU
		{67E04D5D-78A5-4DF2-9F46-63E62CA61EB4}.Release|Any CPU.Build.0 = Release|Any CPU
		{67E04D5D-78A5-4DF2-9F46-63E62CA61EB4}.Release|x64.ActiveCfg = Release|Any CPU
		{67E04D5D-78A5-4DF2-9F46-63E62CA61EB4}.Release|x64.Build.0 = Release|Any CPU
		{67E04D5D-78A5-4DF2-9F46-63E62CA61EB4}.Release|x86.ActiveCfg = Release|Any CPU
		{67E04D5D-78A5-4DF2-9F46-63E62CA61EB4}.Release|x86.Build.0 = Release|Any CPU
		{9D0949BB-59F4-4034-BC57-5BAD2E1D0589}.Debug|Any CPU.ActiveCfg = Debug|Any CPU
		{9D0949BB-59F4-4034-BC57-5BAD2E1D0589}.Debug|Any CPU.Build.0 = Debug|Any CPU
		{9D0949BB-59F4-4034-BC57-5BAD2E1D0589}.Debug|x64.ActiveCfg = Debug|Any CPU
		{9D0949BB-59F4-4034-BC57-5BAD2E1D0589}.Debug|x64.Build.0 = Debug|Any CPU
		{9D0949BB-59F4-4034-BC57-5BAD2E1D0589}.Debug|x86.ActiveCfg = Debug|Any CPU
		{9D0949BB-59F4-4034-BC57-5BAD2E1D0589}.Debug|x86.Build.0 = Debug|Any CPU
		{9D0949BB-59F4-4034-BC57-5BAD2E1D0589}.Release|Any CPU.ActiveCfg = Release|Any CPU
		{9D0949BB-59F4-4034-BC57-5BAD2E1D0589}.Release|Any CPU.Build.0 = Release|Any CPU
		{9D0949BB-59F4-4034-BC57-5BAD2E1D0589}.Release|x64.ActiveCfg = Release|Any CPU
		{9D0949BB-59F4-4034-BC57-5BAD2E1D0589}.Release|x64.Build.0 = Release|Any CPU
		{9D0949BB-59F4-4034-BC57-5BAD2E1D0589}.Release|x86.ActiveCfg = Release|Any CPU
		{9D0949BB-59F4-4034-BC57-5BAD2E1D0589}.Release|x86.Build.0 = Release|Any CPU
		{ADA96D90-736A-411D-929E-2B7EBE252688}.Debug|Any CPU.ActiveCfg = Debug|Any CPU
		{ADA96D90-736A-411D-929E-2B7EBE252688}.Debug|Any CPU.Build.0 = Debug|Any CPU
		{ADA96D90-736A-411D-929E-2B7EBE252688}.Debug|x64.ActiveCfg = Debug|Any CPU
		{ADA96D90-736A-411D-929E-2B7EBE252688}.Debug|x64.Build.0 = Debug|Any CPU
		{ADA96D90-736A-411D-929E-2B7EBE252688}.Debug|x86.ActiveCfg = Debug|Any CPU
		{ADA96D90-736A-411D-929E-2B7EBE252688}.Debug|x86.Build.0 = Debug|Any CPU
		{ADA96D90-736A-411D-929E-2B7EBE252688}.Release|Any CPU.ActiveCfg = Release|Any CPU
		{ADA96D90-736A-411D-929E-2B7EBE252688}.Release|Any CPU.Build.0 = Release|Any CPU
		{ADA96D90-736A-411D-929E-2B7EBE252688}.Release|x64.ActiveCfg = Release|Any CPU
		{ADA96D90-736A-411D-929E-2B7EBE252688}.Release|x64.Build.0 = Release|Any CPU
		{ADA96D90-736A-411D-929E-2B7EBE252688}.Release|x86.ActiveCfg = Release|Any CPU
		{ADA96D90-736A-411D-929E-2B7EBE252688}.Release|x86.Build.0 = Release|Any CPU
	EndGlobalSection
	GlobalSection(SolutionProperties) = preSolution
		HideSolutionNode = FALSE
	EndGlobalSection
EndGlobal
